
Microsoft Visual Studio Solution File, Format Version 12.00
# Visual Studio Version 17
VisualStudioVersion = 17.1.32421.90
MinimumVisualStudioVersion = 10.0.40219.1
Project("{FAE04EC0-301F-11D3-BF4B-00C04F79EFBC}") = "Reolmarkedet", "Reolmarkedet.csproj", "{248C5115-2A7A-4D40-9515-4394949114DA}"
EndProject
Global
	GlobalSection(SolutionConfigurationPlatforms) = preSolution
		Debug|Any CPU = Debug|Any CPU
		Release|Any CPU = Release|Any CPU
	EndGlobalSection
	GlobalSection(ProjectConfigurationPlatforms) = postSolution
		{248C5115-2A7A-4D40-9515-4394949114DA}.Debug|Any CPU.ActiveCfg = Debug|Any CPU
		{248C5115-2A7A-4D40-9515-4394949114DA}.Debug|Any CPU.Build.0 = Debug|Any CPU
		{248C5115-2A7A-4D40-9515-4394949114DA}.Release|Any CPU.ActiveCfg = Release|Any CPU
		{248C5115-2A7A-4D40-9515-4394949114DA}.Release|Any CPU.Build.0 = Release|Any CPU
	EndGlobalSection
	GlobalSection(SolutionProperties) = preSolution
		HideSolutionNode = FALSE
	EndGlobalSection
	GlobalSection(ExtensibilityGlobals) = postSolution
		SolutionGuid = {0DFE0DDB-0F0D-43E9-AA0A-7317AAA0906B}
	EndGlobalSection
EndGlobal
